{
    "_readme": [
        "This file locks the dependencies of your project to a known state",
        "Read more about it at https://getcomposer.org/doc/01-basic-usage.md#installing-dependencies",
        "This file is @generated automatically"
    ],
    "content-hash": "0b5c2784243a92cff11e6c1651d0be93",
    "packages": [
        {
            "name": "imagine/imagine",
            "version": "1.3.5",
            "source": {
                "type": "git",
                "url": "https://github.com/php-imagine/Imagine.git",
                "reference": "7151d553edec4dc2bbac60419f7a74ff34700e7f"
            },
            "dist": {
                "type": "zip",
                "url": "https://api.github.com/repos/php-imagine/Imagine/zipball/7151d553edec4dc2bbac60419f7a74ff34700e7f",
                "reference": "7151d553edec4dc2bbac60419f7a74ff34700e7f",
                "shasum": ""
            },
            "require": {
                "php": ">=5.5"
            },
            "require-dev": {
                "phpunit/phpunit": "^4.8 || ^5.7 || ^6.5 || ^7.5 || ^8.4 || ^9.3"
            },
            "suggest": {
                "ext-exif": "to read EXIF metadata",
                "ext-gd": "to use the GD implementation",
                "ext-gmagick": "to use the Gmagick implementation",
                "ext-imagick": "to use the Imagick implementation"
            },
            "type": "library",
            "extra": {
                "branch-alias": {
                    "dev-develop": "1.x-dev"
                }
            },
            "autoload": {
                "psr-4": {
                    "Imagine\\": "src/"
                }
            },
            "notification-url": "https://packagist.org/downloads/",
            "license": [
                "MIT"
            ],
            "authors": [
                {
                    "name": "Bulat Shakirzyanov",
                    "email": "mallluhuct@gmail.com",
                    "homepage": "http://avalanche123.com"
                }
            ],
            "description": "Image processing for PHP 5.3",
            "homepage": "http://imagine.readthedocs.org/",
            "keywords": [
                "drawing",
                "graphics",
                "image manipulation",
                "image processing"
            ],
            "support": {
                "issues": "https://github.com/php-imagine/Imagine/issues",
                "source": "https://github.com/php-imagine/Imagine/tree/1.3.5"
            },
            "time": "2023-06-07T14:49:52+00:00"
        },
        {
            "name": "intervention/gif",
            "version": "4.1.0",
            "source": {
                "type": "git",
                "url": "https://github.com/Intervention/gif.git",
                "reference": "3a2b5f8a8856e8877cdab5c47e51aab2d4cb23a3"
            },
            "dist": {
                "type": "zip",
                "url": "https://api.github.com/repos/Intervention/gif/zipball/3a2b5f8a8856e8877cdab5c47e51aab2d4cb23a3",
                "reference": "3a2b5f8a8856e8877cdab5c47e51aab2d4cb23a3",
                "shasum": ""
            },
            "require": {
                "php": "^8.1"
            },
            "require-dev": {
                "phpstan/phpstan": "^1",
                "phpunit/phpunit": "^10.0",
                "slevomat/coding-standard": "~8.0",
                "squizlabs/php_codesniffer": "^3.8"
            },
            "type": "library",
            "autoload": {
                "psr-4": {
                    "Intervention\\Gif\\": "src"
                }
            },
            "notification-url": "https://packagist.org/downloads/",
            "license": [
                "MIT"
            ],
            "authors": [
                {
                    "name": "Oliver Vogel",
                    "email": "oliver@intervention.io",
                    "homepage": "https://intervention.io/"
                }
            ],
            "description": "Native PHP GIF Encoder/Decoder",
            "homepage": "https://github.com/intervention/gif",
            "keywords": [
                "animation",
                "gd",
                "gif",
                "image"
            ],
            "support": {
                "issues": "https://github.com/Intervention/gif/issues",
                "source": "https://github.com/Intervention/gif/tree/4.1.0"
            },
            "funding": [
                {
                    "url": "https://paypal.me/interventionio",
                    "type": "custom"
                },
                {
                    "url": "https://github.com/Intervention",
                    "type": "github"
                }
            ],
            "time": "2024-03-26T17:23:47+00:00"
        },
        {
            "name": "intervention/image",
            "version": "3.5.0",
            "source": {
                "type": "git",
                "url": "https://github.com/Intervention/image.git",
                "reference": "408d3655c7705339e8c79731ea7efb51546cfa10"
            },
            "dist": {
                "type": "zip",
                "url": "https://api.github.com/repos/Intervention/image/zipball/408d3655c7705339e8c79731ea7efb51546cfa10",
                "reference": "408d3655c7705339e8c79731ea7efb51546cfa10",
                "shasum": ""
            },
            "require": {
                "ext-mbstring": "*",
                "intervention/gif": "^4.0.1",
                "php": "^8.1"
            },
            "require-dev": {
                "mockery/mockery": "^1.6",
                "phpstan/phpstan": "^1",
                "phpunit/phpunit": "^10.0",
                "slevomat/coding-standard": "~8.0",
                "squizlabs/php_codesniffer": "^3.8"
            },
            "suggest": {
                "ext-exif": "Recommended to be able to read EXIF data properly."
            },
            "type": "library",
            "autoload": {
                "psr-4": {
                    "Intervention\\Image\\": "src"
                }
            },
            "notification-url": "https://packagist.org/downloads/",
            "license": [
                "MIT"
            ],
            "authors": [
                {
                    "name": "Oliver Vogel",
                    "email": "oliver@intervention.io",
                    "homepage": "https://intervention.io/"
                }
            ],
            "description": "PHP image manipulation",
            "homepage": "https://image.intervention.io/",
            "keywords": [
                "gd",
                "image",
                "imagick",
                "resize",
                "thumbnail",
                "watermark"
            ],
            "support": {
                "issues": "https://github.com/Intervention/image/issues",
                "source": "https://github.com/Intervention/image/tree/3.5.0"
            },
            "funding": [
                {
                    "url": "https://paypal.me/interventionio",
                    "type": "custom"
                },
                {
                    "url": "https://github.com/Intervention",
                    "type": "github"
                }
            ],
            "time": "2024-03-13T16:26:15+00:00"
        },
        {
            "name": "tecnickcom/tcpdf",
            "version": "6.7.4",
            "source": {
                "type": "git",
                "url": "https://github.com/tecnickcom/TCPDF.git",
                "reference": "d4adef47ca21c90e6483d59dcb9e5b1023696937"
            },
            "dist": {
                "type": "zip",
                "url": "https://api.github.com/repos/tecnickcom/TCPDF/zipball/d4adef47ca21c90e6483d59dcb9e5b1023696937",
                "reference": "d4adef47ca21c90e6483d59dcb9e5b1023696937",
                "shasum": ""
            },
            "require": {
                "php": ">=5.5.0"
            },
            "type": "library",
            "autoload": {
                "classmap": [
                    "config",
                    "include",
                    "tcpdf.php",
                    "tcpdf_parser.php",
                    "tcpdf_import.php",
                    "tcpdf_barcodes_1d.php",
                    "tcpdf_barcodes_2d.php",
                    "include/tcpdf_colors.php",
                    "include/tcpdf_filters.php",
                    "include/tcpdf_font_data.php",
                    "include/tcpdf_fonts.php",
                    "include/tcpdf_images.php",
                    "include/tcpdf_static.php",
                    "include/barcodes/datamatrix.php",
                    "include/barcodes/pdf417.php",
                    "include/barcodes/qrcode.php"
                ]
            },
            "notification-url": "https://packagist.org/downloads/",
            "license": [
                "LGPL-3.0-or-later"
            ],
            "authors": [
                {
                    "name": "Nicola Asuni",
                    "email": "info@tecnick.com",
                    "role": "lead"
                }
            ],
            "description": "TCPDF is a PHP class for generating PDF documents and barcodes.",
            "homepage": "http://www.tcpdf.org/",
            "keywords": [
                "PDFD32000-2008",
                "TCPDF",
                "barcodes",
                "datamatrix",
                "pdf",
                "pdf417",
                "qrcode"
            ],
            "support": {
                "issues": "https://github.com/tecnickcom/TCPDF/issues",
                "source": "https://github.com/tecnickcom/TCPDF/tree/6.7.4"
            },
            "funding": [
                {
                    "url": "https://www.paypal.com/cgi-bin/webscr?cmd=_donations&currency_code=GBP&business=paypal@tecnick.com&item_name=donation%20for%20tcpdf%20project",
                    "type": "custom"
                }
            ],
            "time": "2024-03-25T23:56:24+00:00"
        },
        {
            "name": "thiagoalessio/tesseract_ocr",
            "version": "2.13.0",
            "source": {
                "type": "git",
                "url": "https://github.com/thiagoalessio/tesseract-ocr-for-php.git",
                "reference": "232a8cb9d571992f9bd1e263f2f6909cf6c173a1"
            },
            "dist": {
                "type": "zip",
                "url": "https://api.github.com/repos/thiagoalessio/tesseract-ocr-for-php/zipball/232a8cb9d571992f9bd1e263f2f6909cf6c173a1",
                "reference": "232a8cb9d571992f9bd1e263f2f6909cf6c173a1",
                "shasum": ""
            },
            "require": {
                "php": "^5.3 || ^7.0 || ^8.0"
            },
            "require-dev": {
                "phpunit/php-code-coverage": "^2.2.4 || ^9.0.0"
            },
            "type": "library",
            "autoload": {
                "psr-4": {
                    "thiagoalessio\\TesseractOCR\\": "src/"
                }
            },
            "notification-url": "https://packagist.org/downloads/",
            "license": [
                "MIT"
            ],
            "authors": [
                {
                    "name": "thiagoalessio",
                    "email": "thiagoalessio@me.com"
                }
            ],
            "description": "A wrapper to work with Tesseract OCR inside PHP.",
            "keywords": [
                "OCR",
                "Tesseract",
                "text recognition"
            ],
            "support": {
                "irc": "irc://irc.freenode.net/tesseract-ocr-for-php",
                "issues": "https://github.com/thiagoalessio/tesseract-ocr-for-php/issues",
                "source": "https://github.com/thiagoalessio/tesseract-ocr-for-php"
            },
            "time": "2023-10-05T21:14:48+00:00"
        }
    ],
    "packages-dev": [],
    "aliases": [],
    "minimum-stability": "stable",
    "stability-flags": [],
    "prefer-stable": false,
    "prefer-lowest": false,
    "platform": [],
    "platform-dev": [],
    "plugin-api-version": "2.6.0"
}
